
Microsoft Visual Studio Solution File, Format Version 12.00
# Visual Studio Version 17
VisualStudioVersion = 17.5.33516.290
MinimumVisualStudioVersion = 10.0.40219.1
Project("{9A19103F-16F7-4668-BE54-9A1E7A4F7556}") = "MyFirstAzureWebApp", "MyFirstAzureWebApp\MyFirstAzureWebApp.csproj", "{95FFFAB8-B092-40C4-831E-CB8AB7D53106}"
EndProject
Project("{FAE04EC0-301F-11D3-BF4B-00C04F79EFBC}") = "DotNetCoreWebAPI_DotNet7", "DotNetCoreWebAPI_DotNet7\DotNetCoreWebAPI_DotNet7.csproj", "{D19916C2-DCCB-48A2-AF16-8B0D89CCF6C1}"
EndProject
Global
	GlobalSection(SolutionConfigurationPlatforms) = preSolution
		Debug|Any CPU = Debug|Any CPU
		Release|Any CPU = Release|Any CPU
	EndGlobalSection
	GlobalSection(ProjectConfigurationPlatforms) = postSolution
		{95FFFAB8-B092-40C4-831E-CB8AB7D53106}.Debug|Any CPU.ActiveCfg = Debug|Any CPU
		{95FFFAB8-B092-40C4-831E-CB8AB7D53106}.Debug|Any CPU.Build.0 = Debug|Any CPU
		{95FFFAB8-B092-40C4-831E-CB8AB7D53106}.Release|Any CPU.ActiveCfg = Release|Any CPU
		{95FFFAB8-B092-40C4-831E-CB8AB7D53106}.Release|Any CPU.Build.0 = Release|Any CPU
		{D19916C2-DCCB-48A2-AF16-8B0D89CCF6C1}.Debug|Any CPU.ActiveCfg = Debug|Any CPU
		{D19916C2-DCCB-48A2-AF16-8B0D89CCF6C1}.Debug|Any CPU.Build.0 = Debug|Any CPU
		{D19916C2-DCCB-48A2-AF16-8B0D89CCF6C1}.Release|Any CPU.ActiveCfg = Release|Any CPU
		{D19916C2-DCCB-48A2-AF16-8B0D89CCF6C1}.Release|Any CPU.Build.0 = Release|Any CPU
	EndGlobalSection
	GlobalSection(SolutionProperties) = preSolution
		HideSolutionNode = FALSE
	EndGlobalSection
	GlobalSection(ExtensibilityGlobals) = postSolution
		SolutionGuid = {47E571D8-9022-4D90-929A-BDEEF6BA62C4}
	EndGlobalSection
EndGlobal
